
Microsoft Visual Studio Solution File, Format Version 12.00
# Visual Studio Version 16
VisualStudioVersion = 16.0.31613.86
MinimumVisualStudioVersion = 10.0.40219.1
Project("{FAE04EC0-301F-11D3-BF4B-00C04F79EFBC}") = "ConsoleApp1", "ConsoleApp1\ConsoleApp1.csproj", "{1ED062EF-49CD-4BB8-B46D-7B10A7127A3B}"
EndProject
Project("{FAE04EC0-301F-11D3-BF4B-00C04F79EFBC}") = "ConsoleApp2", "ConsoleApp2\ConsoleApp2.csproj", "{95C10A45-D324-4845-9DB0-3C4FBF6C2898}"
EndProject
Project("{FAE04EC0-301F-11D3-BF4B-00C04F79EFBC}") = "ConsoleApp3", "ConsoleApp3\ConsoleApp3.csproj", "{C0301CF6-49E1-42BD-80A2-723C5F814B0C}"
EndProject
Project("{FAE04EC0-301F-11D3-BF4B-00C04F79EFBC}") = "Classes", "Class\Classes.csproj", "{D18C17FD-4224-4E5D-BA1F-DE8DFAD64082}"
EndProject
Project("{FAE04EC0-301F-11D3-BF4B-00C04F79EFBC}") = "RecapDemo", "RecapDemo\RecapDemo.csproj", "{7254F0A8-89A4-47D5-97A2-B7DD5565A2FC}"
EndProject
Project("{FAE04EC0-301F-11D3-BF4B-00C04F79EFBC}") = "Interface", "Interface\Interface.csproj", "{C99290E9-FBDA-4EE4-998B-0A03EED89C46}"
EndProject
Project("{FAE04EC0-301F-11D3-BF4B-00C04F79EFBC}") = "Deneme", "Deneme\Deneme.csproj", "{283296F0-7F1D-49EF-9C73-4EFA2894B2CD}"
EndProject
Project("{FAE04EC0-301F-11D3-BF4B-00C04F79EFBC}") = "InterfacesDemo", "InterfacesDemo\InterfacesDemo.csproj", "{48AE5498-9A7A-4291-84B6-AA9B31DCCC45}"
EndProject
Project("{FAE04EC0-301F-11D3-BF4B-00C04F79EFBC}") = "Inheritance", "Inheritance\Inheritance.csproj", "{A7F4337B-4338-48A6-A3CB-B85E6CE372C4}"
EndProject
Project("{FAE04EC0-301F-11D3-BF4B-00C04F79EFBC}") = "Demos 2", "Demos 2\Demos 2.csproj", "{367BF243-D98A-444D-8FCD-321BBB7543FF}"
EndProject
Project("{9A19103F-16F7-4668-BE54-9A1E7A4F7556}") = "PluginInterface", "PluginInterface\PluginInterface.csproj", "{4443F40A-726E-40AA-9831-66F442AAF01E}"
EndProject
Project("{FAE04EC0-301F-11D3-BF4B-00C04F79EFBC}") = "GetSet", "GetSet\GetSet.csproj", "{18164779-430C-4A9A-B443-FF3EC211998C}"
EndProject
Project("{2150E333-8FDC-42A3-9474-1A3956D46DE8}") = "Solution Items", "Solution Items", "{84E00F1A-E260-4468-A2AE-F8D1338B549B}"
	ProjectSection(SolutionItems) = preProject
		.editorconfig = .editorconfig
	EndProjectSection
EndProject
Project("{FAE04EC0-301F-11D3-BF4B-00C04F79EFBC}") = "AddveRemoveErisim", "DenemeII\AddveRemoveErisim.csproj", "{285D1D93-E1CA-449C-8653-B638371C6C77}"
EndProject
Project("{FAE04EC0-301F-11D3-BF4B-00C04F79EFBC}") = "Animal", "Animal\Animal.csproj", "{C25D02AA-250D-425D-B2ED-13FC0F140C1E}"
EndProject
Project("{FAE04EC0-301F-11D3-BF4B-00C04F79EFBC}") = "PluginDeneme", "PluginDeneme\PluginDeneme.csproj", "{7F34B5BD-7657-4886-AF14-C57DFA6CD6FD}"
EndProject
Project("{FAE04EC0-301F-11D3-BF4B-00C04F79EFBC}") = "Carpma", "Carpma\Carpma.csproj", "{E80650B6-D0DD-488B-A133-FA3FCF21F7CB}"
EndProject
Project("{FAE04EC0-301F-11D3-BF4B-00C04F79EFBC}") = "Islem", "Islem\Islem.csproj", "{1AC48D4A-0111-4D3D-9BAD-E76791EBCBCD}"
EndProject
Project("{FAE04EC0-301F-11D3-BF4B-00C04F79EFBC}") = "Collections", "Collections\Collections.csproj", "{9C8C912E-C01F-4A4D-8C12-0BDB39A7D66A}"
EndProject
Project("{FAE04EC0-301F-11D3-BF4B-00C04F79EFBC}") = "Exceptions", "Exception\Exceptions.csproj", "{7ABB0130-2DD4-4F91-A470-4D9BB61237D1}"
EndProject
Project("{FAE04EC0-301F-11D3-BF4B-00C04F79EFBC}") = "AdoNetDemo", "AdoNetDemo\AdoNetDemo.csproj", "{2BD88C08-A523-4FFD-B9B4-4D84CCEEBB5F}"
EndProject
Project("{FAE04EC0-301F-11D3-BF4B-00C04F79EFBC}") = "EntityFrameworkDemo", "EntityFrameworkDemo\EntityFrameworkDemo.csproj", "{F8C5DB30-E079-4549-B893-DA39AD1ABC62}"
EndProject
Project("{FAE04EC0-301F-11D3-BF4B-00C04F79EFBC}") = "Generics", "Generics\Generics.csproj", "{5CA8AE67-8549-4E85-847F-DA876FF57423}"
EndProject
Global
	GlobalSection(SolutionConfigurationPlatforms) = preSolution
		Debug|Any CPU = Debug|Any CPU
		Release|Any CPU = Release|Any CPU
	EndGlobalSection
	GlobalSection(ProjectConfigurationPlatforms) = postSolution
		{1ED062EF-49CD-4BB8-B46D-7B10A7127A3B}.Debug|Any CPU.ActiveCfg = Debug|Any CPU
		{1ED062EF-49CD-4BB8-B46D-7B10A7127A3B}.Debug|Any CPU.Build.0 = Debug|Any CPU
		{1ED062EF-49CD-4BB8-B46D-7B10A7127A3B}.Release|Any CPU.ActiveCfg = Release|Any CPU
		{1ED062EF-49CD-4BB8-B46D-7B10A7127A3B}.Release|Any CPU.Build.0 = Release|Any CPU
		{95C10A45-D324-4845-9DB0-3C4FBF6C2898}.Debug|Any CPU.ActiveCfg = Debug|Any CPU
		{95C10A45-D324-4845-9DB0-3C4FBF6C2898}.Debug|Any CPU.Build.0 = Debug|Any CPU
		{95C10A45-D324-4845-9DB0-3C4FBF6C2898}.Release|Any CPU.ActiveCfg = Release|Any CPU
		{95C10A45-D324-4845-9DB0-3C4FBF6C2898}.Release|Any CPU.Build.0 = Release|Any CPU
		{C0301CF6-49E1-42BD-80A2-723C5F814B0C}.Debug|Any CPU.ActiveCfg = Debug|Any CPU
		{C0301CF6-49E1-42BD-80A2-723C5F814B0C}.Debug|Any CPU.Build.0 = Debug|Any CPU
		{C0301CF6-49E1-42BD-80A2-723C5F814B0C}.Release|Any CPU.ActiveCfg = Release|Any CPU
		{C0301CF6-49E1-42BD-80A2-723C5F814B0C}.Release|Any CPU.Build.0 = Release|Any CPU
		{D18C17FD-4224-4E5D-BA1F-DE8DFAD64082}.Debug|Any CPU.ActiveCfg = Debug|Any CPU
		{D18C17FD-4224-4E5D-BA1F-DE8DFAD64082}.Debug|Any CPU.Build.0 = Debug|Any CPU
		{D18C17FD-4224-4E5D-BA1F-DE8DFAD64082}.Release|Any CPU.ActiveCfg = Release|Any CPU
		{D18C17FD-4224-4E5D-BA1F-DE8DFAD64082}.Release|Any CPU.Build.0 = Release|Any CPU
		{7254F0A8-89A4-47D5-97A2-B7DD5565A2FC}.Debug|Any CPU.ActiveCfg = Debug|Any CPU
		{7254F0A8-89A4-47D5-97A2-B7DD5565A2FC}.Debug|Any CPU.Build.0 = Debug|Any CPU
		{7254F0A8-89A4-47D5-97A2-B7DD5565A2FC}.Release|Any CPU.ActiveCfg = Release|Any CPU
		{7254F0A8-89A4-47D5-97A2-B7DD5565A2FC}.Release|Any CPU.Build.0 = Release|Any CPU
		{C99290E9-FBDA-4EE4-998B-0A03EED89C46}.Debug|Any CPU.ActiveCfg = Debug|Any CPU
		{C99290E9-FBDA-4EE4-998B-0A03EED89C46}.Debug|Any CPU.Build.0 = Debug|Any CPU
		{C99290E9-FBDA-4EE4-998B-0A03EED89C46}.Release|Any CPU.ActiveCfg = Release|Any CPU
		{C99290E9-FBDA-4EE4-998B-0A03EED89C46}.Release|Any CPU.Build.0 = Release|Any CPU
		{283296F0-7F1D-49EF-9C73-4EFA2894B2CD}.Debug|Any CPU.ActiveCfg = Debug|Any CPU
		{283296F0-7F1D-49EF-9C73-4EFA2894B2CD}.Debug|Any CPU.Build.0 = Debug|Any CPU
		{283296F0-7F1D-49EF-9C73-4EFA2894B2CD}.Release|Any CPU.ActiveCfg = Release|Any CPU
		{283296F0-7F1D-49EF-9C73-4EFA2894B2CD}.Release|Any CPU.Build.0 = Release|Any CPU
		{48AE5498-9A7A-4291-84B6-AA9B31DCCC45}.Debug|Any CPU.ActiveCfg = Debug|Any CPU
		{48AE5498-9A7A-4291-84B6-AA9B31DCCC45}.Debug|Any CPU.Build.0 = Debug|Any CPU
		{48AE5498-9A7A-4291-84B6-AA9B31DCCC45}.Release|Any CPU.ActiveCfg = Release|Any CPU
		{48AE5498-9A7A-4291-84B6-AA9B31DCCC45}.Release|Any CPU.Build.0 = Release|Any CPU
		{A7F4337B-4338-48A6-A3CB-B85E6CE372C4}.Debug|Any CPU.ActiveCfg = Debug|Any CPU
		{A7F4337B-4338-48A6-A3CB-B85E6CE372C4}.Debug|Any CPU.Build.0 = Debug|Any CPU
		{A7F4337B-4338-48A6-A3CB-B85E6CE372C4}.Release|Any CPU.ActiveCfg = Release|Any CPU
		{A7F4337B-4338-48A6-A3CB-B85E6CE372C4}.Release|Any CPU.Build.0 = Release|Any CPU
		{367BF243-D98A-444D-8FCD-321BBB7543FF}.Debug|Any CPU.ActiveCfg = Debug|Any CPU
		{367BF243-D98A-444D-8FCD-321BBB7543FF}.Debug|Any CPU.Build.0 = Debug|Any CPU
		{367BF243-D98A-444D-8FCD-321BBB7543FF}.Release|Any CPU.ActiveCfg = Release|Any CPU
		{367BF243-D98A-444D-8FCD-321BBB7543FF}.Release|Any CPU.Build.0 = Release|Any CPU
		{4443F40A-726E-40AA-9831-66F442AAF01E}.Debug|Any CPU.ActiveCfg = Debug|Any CPU
		{4443F40A-726E-40AA-9831-66F442AAF01E}.Debug|Any CPU.Build.0 = Debug|Any CPU
		{4443F40A-726E-40AA-9831-66F442AAF01E}.Release|Any CPU.ActiveCfg = Release|Any CPU
		{4443F40A-726E-40AA-9831-66F442AAF01E}.Release|Any CPU.Build.0 = Release|Any CPU
		{18164779-430C-4A9A-B443-FF3EC211998C}.Debug|Any CPU.ActiveCfg = Debug|Any CPU
		{18164779-430C-4A9A-B443-FF3EC211998C}.Debug|Any CPU.Build.0 = Debug|Any CPU
		{18164779-430C-4A9A-B443-FF3EC211998C}.Release|Any CPU.ActiveCfg = Release|Any CPU
		{18164779-430C-4A9A-B443-FF3EC211998C}.Release|Any CPU.Build.0 = Release|Any CPU
		{285D1D93-E1CA-449C-8653-B638371C6C77}.Debug|Any CPU.ActiveCfg = Debug|Any CPU
		{285D1D93-E1CA-449C-8653-B638371C6C77}.Debug|Any CPU.Build.0 = Debug|Any CPU
		{285D1D93-E1CA-449C-8653-B638371C6C77}.Release|Any CPU.ActiveCfg = Release|Any CPU
		{285D1D93-E1CA-449C-8653-B638371C6C77}.Release|Any CPU.Build.0 = Release|Any CPU
		{C25D02AA-250D-425D-B2ED-13FC0F140C1E}.Debug|Any CPU.ActiveCfg = Debug|Any CPU
		{C25D02AA-250D-425D-B2ED-13FC0F140C1E}.Debug|Any CPU.Build.0 = Debug|Any CPU
		{C25D02AA-250D-425D-B2ED-13FC0F140C1E}.Release|Any CPU.ActiveCfg = Release|Any CPU
		{C25D02AA-250D-425D-B2ED-13FC0F140C1E}.Release|Any CPU.Build.0 = Release|Any CPU
		{7F34B5BD-7657-4886-AF14-C57DFA6CD6FD}.Debug|Any CPU.ActiveCfg = Debug|Any CPU
		{7F34B5BD-7657-4886-AF14-C57DFA6CD6FD}.Debug|Any CPU.Build.0 = Debug|Any CPU
		{7F34B5BD-7657-4886-AF14-C57DFA6CD6FD}.Release|Any CPU.ActiveCfg = Release|Any CPU
		{7F34B5BD-7657-4886-AF14-C57DFA6CD6FD}.Release|Any CPU.Build.0 = Release|Any CPU
		{E80650B6-D0DD-488B-A133-FA3FCF21F7CB}.Debug|Any CPU.ActiveCfg = Debug|Any CPU
		{E80650B6-D0DD-488B-A133-FA3FCF21F7CB}.Debug|Any CPU.Build.0 = Debug|Any CPU
		{E80650B6-D0DD-488B-A133-FA3FCF21F7CB}.Release|Any CPU.ActiveCfg = Release|Any CPU
		{E80650B6-D0DD-488B-A133-FA3FCF21F7CB}.Release|Any CPU.Build.0 = Release|Any CPU
		{1AC48D4A-0111-4D3D-9BAD-E76791EBCBCD}.Debug|Any CPU.ActiveCfg = Debug|Any CPU
		{1AC48D4A-0111-4D3D-9BAD-E76791EBCBCD}.Debug|Any CPU.Build.0 = Debug|Any CPU
		{1AC48D4A-0111-4D3D-9BAD-E76791EBCBCD}.Release|Any CPU.ActiveCfg = Release|Any CPU
		{1AC48D4A-0111-4D3D-9BAD-E76791EBCBCD}.Release|Any CPU.Build.0 = Release|Any CPU
		{9C8C912E-C01F-4A4D-8C12-0BDB39A7D66A}.Debug|Any CPU.ActiveCfg = Debug|Any CPU
		{9C8C912E-C01F-4A4D-8C12-0BDB39A7D66A}.Debug|Any CPU.Build.0 = Debug|Any CPU
		{9C8C912E-C01F-4A4D-8C12-0BDB39A7D66A}.Release|Any CPU.ActiveCfg = Release|Any CPU
		{9C8C912E-C01F-4A4D-8C12-0BDB39A7D66A}.Release|Any CPU.Build.0 = Release|Any CPU
		{7ABB0130-2DD4-4F91-A470-4D9BB61237D1}.Debug|Any CPU.ActiveCfg = Debug|Any CPU
		{7ABB0130-2DD4-4F91-A470-4D9BB61237D1}.Debug|Any CPU.Build.0 = Debug|Any CPU
		{7ABB0130-2DD4-4F91-A470-4D9BB61237D1}.Release|Any CPU.ActiveCfg = Release|Any CPU
		{7ABB0130-2DD4-4F91-A470-4D9BB61237D1}.Release|Any CPU.Build.0 = Release|Any CPU
		{2BD88C08-A523-4FFD-B9B4-4D84CCEEBB5F}.Debug|Any CPU.ActiveCfg = Debug|Any CPU
		{2BD88C08-A523-4FFD-B9B4-4D84CCEEBB5F}.Debug|Any CPU.Build.0 = Debug|Any CPU
		{2BD88C08-A523-4FFD-B9B4-4D84CCEEBB5F}.Release|Any CPU.ActiveCfg = Release|Any CPU
		{2BD88C08-A523-4FFD-B9B4-4D84CCEEBB5F}.Release|Any CPU.Build.0 = Release|Any CPU
		{F8C5DB30-E079-4549-B893-DA39AD1ABC62}.Debug|Any CPU.ActiveCfg = Debug|Any CPU
		{F8C5DB30-E079-4549-B893-DA39AD1ABC62}.Debug|Any CPU.Build.0 = Debug|Any CPU
		{F8C5DB30-E079-4549-B893-DA39AD1ABC62}.Release|Any CPU.ActiveCfg = Release|Any CPU
		{F8C5DB30-E079-4549-B893-DA39AD1ABC62}.Release|Any CPU.Build.0 = Release|Any CPU
		{5CA8AE67-8549-4E85-847F-DA876FF57423}.Debug|Any CPU.ActiveCfg = Debug|Any CPU
		{5CA8AE67-8549-4E85-847F-DA876FF57423}.Debug|Any CPU.Build.0 = Debug|Any CPU
		{5CA8AE67-8549-4E85-847F-DA876FF57423}.Release|Any CPU.ActiveCfg = Release|Any CPU
		{5CA8AE67-8549-4E85-847F-DA876FF57423}.Release|Any CPU.Build.0 = Release|Any CPU
	EndGlobalSection
	GlobalSection(SolutionProperties) = preSolution
		HideSolutionNode = FALSE
	EndGlobalSection
	GlobalSection(ExtensibilityGlobals) = postSolution
		SolutionGuid = {73C7BD9B-81BF-48D8-8B21-DFDEEEF01A54}
	EndGlobalSection
EndGlobal
